// !$*UTF8*$!
{
	archiveVersion = 1;
	classes = {
	};
	objectVersion = 50;
	objects = {

/* Begin PBXBuildFile section */
		94601E3324AA40F8004627F6 /* GCD.swift in Sources */ = {isa = PBXBuildFile; fileRef = 94601E3224AA40F7004627F6 /* GCD.swift */; };
		94601E3524AA418C004627F6 /* NSOperation.swift in Sources */ = {isa = PBXBuildFile; fileRef = 94601E3424AA418C004627F6 /* NSOperation.swift */; };
		94DEFC5F24A7A704001FEE71 /* AppDelegate.swift in Sources */ = {isa = PBXBuildFile; fileRef = 94DEFC5E24A7A704001FEE71 /* AppDelegate.swift */; };
		94DEFC6124A7A704001FEE71 /* SceneDelegate.swift in Sources */ = {isa = PBXBuildFile; fileRef = 94DEFC6024A7A704001FEE71 /* SceneDelegate.swift */; };
		94DEFC6324A7A704001FEE71 /* ViewController.swift in Sources */ = {isa = PBXBuildFile; fileRef = 94DEFC6224A7A704001FEE71 /* ViewController.swift */; };
		94DEFC6624A7A704001FEE71 /* Main.storyboard in Resources */ = {isa = PBXBuildFile; fileRef = 94DEFC6424A7A704001FEE71 /* Main.storyboard */; };
		94DEFC6824A7A706001FEE71 /* Assets.xcassets in Resources */ = {isa = PBXBuildFile; fileRef = 94DEFC6724A7A706001FEE71 /* Assets.xcassets */; };
		94DEFC6B24A7A706001FEE71 /* LaunchScreen.storyboard in Resources */ = {isa = PBXBuildFile; fileRef = 94DEFC6924A7A706001FEE71 /* LaunchScreen.storyboard */; };
/* End PBXBuildFile section */

/* Begin PBXFileReference section */
		94601E3224AA40F7004627F6 /* GCD.swift */ = {isa = PBXFileReference; lastKnownFileType = sourcecode.swift; path = GCD.swift; sourceTree = "<group>"; };
		94601E3424AA418C004627F6 /* NSOperation.swift */ = {isa = PBXFileReference; lastKnownFileType = sourcecode.swift; path = NSOperation.swift; sourceTree = "<group>"; };
		94DEFC5B24A7A704001FEE71 /* Concurrencia.app */ = {isa = PBXFileReference; explicitFileType = wrapper.application; includeInIndex = 0; path = Concurrencia.app; sourceTree = BUILT_PRODUCTS_DIR; };
		94DEFC5E24A7A704001FEE71 /* AppDelegate.swift */ = {isa = PBXFileReference; lastKnownFileType = sourcecode.swift; path = AppDelegate.swift; sourceTree = "<group>"; };
		94DEFC6024A7A704001FEE71 /* SceneDelegate.swift */ = {isa = PBXFileReference; lastKnownFileType = sourcecode.swift; path = SceneDelegate.swift; sourceTree = "<group>"; };
		94DEFC6224A7A704001FEE71 /* ViewController.swift */ = {isa = PBXFileReference; lastKnownFileType = sourcecode.swift; path = ViewController.swift; sourceTree = "<group>"; };
		94DEFC6524A7A704001FEE71 /* Base */ = {isa = PBXFileReference; lastKnownFileType = file.storyboard; name = Base; path = Base.lproj/Main.storyboard; sourceTree = "<group>"; };
		94DEFC6724A7A706001FEE71 /* Assets.xcassets */ = {isa = PBXFileReference; lastKnownFileType = folder.assetcatalog; path = Assets.xcassets; sourceTree = "<group>"; };
		94DEFC6A24A7A706001FEE71 /* Base */ = {isa = PBXFileReference; lastKnownFileType = file.storyboard; name = Base; path = Base.lproj/LaunchScreen.storyboard; sourceTree = "<group>"; };
		94DEFC6C24A7A706001FEE71 /* Info.plist */ = {isa = PBXFileReference; lastKnownFileType = text.plist.xml; path = Info.plist; sourceTree = "<group>"; };
/* End PBXFileReference section */

/* Begin PBXFrameworksBuildPhase section */
		94DEFC5824A7A704001FEE71 /* Frameworks */ = {
			isa = PBXFrameworksBuildPhase;
			buildActionMask = 2147483647;
			files = (
			);
			runOnlyForDeploymentPostprocessing = 0;
		};
/* End PBXFrameworksBuildPhase section */

/* Begin PBXGroup section */
		94DEFC5224A7A704001FEE71 = {
			isa = PBXGroup;
			children = (
				94DEFC5D24A7A704001FEE71 /* Concurrencia */,
				94DEFC5C24A7A704001FEE71 /* Products */,
			);
			sourceTree = "<group>";
		};
		94DEFC5C24A7A704001FEE71 /* Products */ = {
			isa = PBXGroup;
			children = (
				94DEFC5B24A7A704001FEE71 /* Concurrencia.app */,
			);
			name = Products;
			sourceTree = "<group>";
		};
		94DEFC5D24A7A704001FEE71 /* Concurrencia */ = {
			isa = PBXGroup;
			children = (
				94DEFC5E24A7A704001FEE71 /* AppDelegate.swift */,
				94DEFC6024A7A704001FEE71 /* SceneDelegate.swift */,
				94DEFC6224A7A704001FEE71 /* ViewController.swift */,
				94601E3224AA40F7004627F6 /* GCD.swift */,
				94601E3424AA418C004627F6 /* NSOperation.swift */,
				94DEFC6424A7A704001FEE71 /* Main.storyboard */,
				94DEFC6924A7A706001FEE71 /* LaunchScreen.storyboard */,
				94DEFC6724A7A706001FEE71 /* Assets.xcassets */,
				94DEFC6C24A7A706001FEE71 /* Info.plist */,
			);
			path = Concurrencia;
			sourceTree = "<group>";
		};
/* End PBXGroup section */

/* Begin PBXNativeTarget section */
		94DEFC5A24A7A704001FEE71 /* Concurrencia */ = {
			isa = PBXNativeTarget;
			buildConfigurationList = 94DEFC6F24A7A706001FEE71 /* Build configuration list for PBXNativeTarget "Concurrencia" */;
			buildPhases = (
				94DEFC5724A7A704001FEE71 /* Sources */,
				94DEFC5824A7A704001FEE71 /* Frameworks */,
				94DEFC5924A7A704001FEE71 /* Resources */,
			);
			buildRules = (
			);
			dependencies = (
			);
			name = Concurrencia;
			productName = Concurrencia;
			productReference = 94DEFC5B24A7A704001FEE71 /* Concurrencia.app */;
			productType = "com.apple.product-type.application";
		};
/* End PBXNativeTarget section */

/* Begin PBXProject section */
		94DEFC5324A7A704001FEE71 /* Project object */ = {
			isa = PBXProject;
			attributes = {
				LastSwiftUpdateCheck = 1150;
				LastUpgradeCheck = 1150;
				ORGANIZATIONNAME = "Arturo Carretero Calvo";
				TargetAttributes = {
					94DEFC5A24A7A704001FEE71 = {
						CreatedOnToolsVersion = 11.5;
					};
				};
			};
			buildConfigurationList = 94DEFC5624A7A704001FEE71 /* Build configuration list for PBXProject "Concurrencia" */;
			compatibilityVersion = "Xcode 9.3";
			developmentRegion = en;
			hasScannedForEncodings = 0;
			knownRegions = (
				en,
				Base,
			);
			mainGroup = 94DEFC5224A7A704001FEE71;
			productRefGroup = 94DEFC5C24A7A704001FEE71 /* Products */;
			projectDirPath = "";
			projectRoot = "";
			targets = (
				94DEFC5A24A7A704001FEE71 /* Concurrencia */,
			);
		};
/* End PBXProject section */

/* Begin PBXResourcesBuildPhase section */
		94DEFC5924A7A704001FEE71 /* Resources */ = {
			isa = PBXResourcesBuildPhase;
			buildActionMask = 2147483647;
			files = (
				94DEFC6B24A7A706001FEE71 /* LaunchScreen.storyboard in Resources */,
				94DEFC6824A7A706001FEE71 /* Assets.xcassets in Resources */,
				94DEFC6624A7A704001FEE71 /* Main.storyboard in Resources */,
			);
			runOnlyForDeploymentPostprocessing = 0;
		};
/* End PBXResourcesBuildPhase section */

/* Begin PBXSourcesBuildPhase section */
		94DEFC5724A7A704001FEE71 /* Sources */ = {
			isa = PBXSourcesBuildPhase;
			buildActionMask = 2147483647;
			files = (
				94DEFC6324A7A704001FEE71 /* ViewController.swift in Sources */,
				94DEFC5F24A7A704001FEE71 /* AppDelegate.swift in Sources */,
				94601E3324AA40F8004627F6 /* GCD.swift in Sources */,
				94DEFC6124A7A704001FEE71 /* SceneDelegate.swift in Sources */,
				94601E3524AA418C004627F6 /* NSOperation.swift in Sources */,
			);
			runOnlyForDeploymentPostprocessing = 0;
		};
/* End PBXSourcesBuildPhase section */

/* Begin PBXVariantGroup section */
		94DEFC6424A7A704001FEE71 /* Main.storyboard */ = {
			isa = PBXVariantGroup;
			children = (
				94DEFC6524A7A704001FEE71 /* Base */,
			);
			name = Main.storyboard;
			sourceTree = "<group>";
		};
		94DEFC6924A7A706001FEE71 /* LaunchScreen.storyboard */ = {
			isa = PBXVariantGroup;
			children = (
				94DEFC6A24A7A706001FEE71 /* Base */,
			);
			name = LaunchScreen.storyboard;
			sourceTree = "<group>";
		};
/* End PBXVariantGroup section */

/* Begin XCBuildConfiguration section */
		94DEFC6D24A7A706001FEE71 /* Debug */ = {
			isa = XCBuildConfiguration;
			buildSettings = {
				ALWAYS_SEARCH_USER_PATHS = NO;
				CLANG_ANALYZER_NONNULL = YES;
				CLANG_ANALYZER_NUMBER_OBJECT_CONVERSION = YES_AGGRESSIVE;
				CLANG_CXX_LANGUAGE_STANDARD = "gnu++14";
				CLANG_CXX_LIBRARY = "libc++";
				CLANG_ENABLE_MODULES = YES;
				CLANG_ENABLE_OBJC_ARC = YES;
				CLANG_ENABLE_OBJC_WEAK = YES;
				CLANG_WARN_BLOCK_CAPTURE_AUTORELEASING = YES;
				CLANG_WARN_BOOL_CONVERSION = YES;
				CLANG_WARN_COMMA = YES;
				CLANG_WARN_CONSTANT_CONVERSION = YES;
				CLANG_WARN_DEPRECATED_OBJC_IMPLEMENTATIONS = YES;
				CLANG_WARN_DIRECT_OBJC_ISA_USAGE = YES_ERROR;
				CLANG_WARN_DOCUMENTATION_COMMENTS = YES;
				CLANG_WARN_EMPTY_BODY = YES;
				CLANG_WARN_ENUM_CONVERSION = YES;
				CLANG_WARN_INFINITE_RECURSION = YES;
				CLANG_WARN_INT_CONVERSION = YES;
				CLANG_WARN_NON_LITERAL_NULL_CONVERSION = YES;
				CLANG_WARN_OBJC_IMPLICIT_RETAIN_SELF = YES;
				CLANG_WARN_OBJC_LITERAL_CONVERSION = YES;
				CLANG_WARN_OBJC_ROOT_CLASS = YES_ERROR;
				CLANG_WARN_RANGE_LOOP_ANALYSIS = YES;
				CLANG_WARN_STRICT_PROTOTYPES = YES;
				CLANG_WARN_SUSPICIOUS_MOVE = YES;
				CLANG_WARN_UNGUARDED_AVAILABILITY = YES_AGGRESSIVE;
				CLANG_WARN_UNREACHABLE_CODE = YES;
				CLANG_WARN__DUPLICATE_METHOD_MATCH = YES;
				COPY_PHASE_STRIP = NO;
				DEBUG_INFORMATION_FORMAT = dwarf;
				ENABLE_STRICT_OBJC_MSGSEND = YES;
				ENABLE_TESTABILITY = YES;
				GCC_C_LANGUAGE_STANDARD = gnu11;
				GCC_DYNAMIC_NO_PIC = NO;
				GCC_NO_COMMON_BLOCKS = YES;
				GCC_OPTIMIZATION_LEVEL = 0;
				GCC_PREPROCESSOR_DEFINITIONS = (
					"DEBUG=1",
					"$(inherited)",
				);
				GCC_WARN_64_TO_32_BIT_CONVERSION = YES;
				GCC_WARN_ABOUT_RETURN_TYPE = YES_ERROR;
				GCC_WARN_UNDECLARED_SELECTOR = YES;
				GCC_WARN_UNINITIALIZED_AUTOS = YES_AGGRESSIVE;
				GCC_WARN_UNUSED_FUNCTION = YES;
				GCC_WARN_UNUSED_VARIABLE = YES;
				IPHONEOS_DEPLOYMENT_TARGET = 13.5;
				MTL_ENABLE_DEBUG_INFO = INCLUDE_SOURCE;
				MTL_FAST_MATH = YES;
				ONLY_ACTIVE_ARCH = YES;
				SDKROOT = iphoneos;
				SWIFT_ACTIVE_COMPILATION_CONDITIONS = DEBUG;
				SWIFT_OPTIMIZATION_LEVEL = "-Onone";
			};
			name = Debug;
		};
		94DEFC6E24A7A706001FEE71 /* Release */ = {
			isa = XCBuildConfiguration;
			buildSettings = {
				ALWAYS_SEARCH_USER_PATHS = NO;
				CLANG_ANALYZER_NONNULL = YES;
				CLANG_ANALYZER_NUMBER_OBJECT_CONVERSION = YES_AGGRESSIVE;
				CLANG_CXX_LANGUAGE_STANDARD = "gnu++14";
				CLANG_CXX_LIBRARY = "libc++";
				CLANG_ENABLE_MODULES = YES;
				CLANG_ENABLE_OBJC_ARC = YES;
				CLANG_ENABLE_OBJC_WEAK = YES;
				CLANG_WARN_BLOCK_CAPTURE_AUTORELEASING = YES;
				CLANG_WARN_BOOL_CONVERSION = YES;
				CLANG_WARN_COMMA = YES;
				CLANG_WARN_CONSTANT_CONVERSION = YES;
				CLANG_WARN_DEPRECATED_OBJC_IMPLEMENTATIONS = YES;
				CLANG_WARN_DIRECT_OBJC_ISA_USAGE = YES_ERROR;
				CLANG_WARN_DOCUMENTATION_COMMENTS = YES;
				CLANG_WARN_EMPTY_BODY = YES;
				CLANG_WARN_ENUM_CONVERSION = YES;
				CLANG_WARN_INFINITE_RECURSION = YES;
				CLANG_WARN_INT_CONVERSION = YES;
				CLANG_WARN_NON_LITERAL_NULL_CONVERSION = YES;
				CLANG_WARN_OBJC_IMPLICIT_RETAIN_SELF = YES;
				CLANG_WARN_OBJC_LITERAL_CONVERSION = YES;
				CLANG_WARN_OBJC_ROOT_CLASS = YES_ERROR;
				CLANG_WARN_RANGE_LOOP_ANALYSIS = YES;
				CLANG_WARN_STRICT_PROTOTYPES = YES;
				CLANG_WARN_SUSPICIOUS_MOVE = YES;
				CLANG_WARN_UNGUARDED_AVAILABILITY = YES_AGGRESSIVE;
				CLANG_WARN_UNREACHABLE_CODE = YES;
				CLANG_WARN__DUPLICATE_METHOD_MATCH = YES;
				COPY_PHASE_STRIP = NO;
				DEBUG_INFORMATION_FORMAT = "dwarf-with-dsym";
				ENABLE_NS_ASSERTIONS = NO;
				ENABLE_STRICT_OBJC_MSGSEND = YES;
				GCC_C_LANGUAGE_STANDARD = gnu11;
				GCC_NO_COMMON_BLOCKS = YES;
				GCC_WARN_64_TO_32_BIT_CONVERSION = YES;
				GCC_WARN_ABOUT_RETURN_TYPE = YES_ERROR;
				GCC_WARN_UNDECLARED_SELECTOR = YES;
				GCC_WARN_UNINITIALIZED_AUTOS = YES_AGGRESSIVE;
				GCC_WARN_UNUSED_FUNCTION = YES;
				GCC_WARN_UNUSED_VARIABLE = YES;
				IPHONEOS_DEPLOYMENT_TARGET = 13.5;
				MTL_ENABLE_DEBUG_INFO = NO;
				MTL_FAST_MATH = YES;
				SDKROOT = iphoneos;
				SWIFT_COMPILATION_MODE = wholemodule;
				SWIFT_OPTIMIZATION_LEVEL = "-O";
				VALIDATE_PRODUCT = YES;
			};
			name = Release;
		};
		94DEFC7024A7A706001FEE71 /* Debug */ = {
			isa = XCBuildConfiguration;
			buildSettings = {
				ASSETCATALOG_COMPILER_APPICON_NAME = AppIcon;
				CODE_SIGN_STYLE = Automatic;
				INFOPLIST_FILE = Concurrencia/Info.plist;
				LD_RUNPATH_SEARCH_PATHS = (
					"$(inherited)",
					"@executable_path/Frameworks",
				);
				MARKETING_VERSION = 1.0.0;
				PRODUCT_BUNDLE_IDENTIFIER = com.artcc.Concurrencia;
				PRODUCT_NAME = "$(TARGET_NAME)";
				SWIFT_VERSION = 5.0;
				TARGETED_DEVICE_FAMILY = "1,2";
			};
			name = Debug;
		};
		94DEFC7124A7A706001FEE71 /* Release */ = {
			isa = XCBuildConfiguration;
			buildSettings = {
				ASSETCATALOG_COMPILER_APPICON_NAME = AppIcon;
				CODE_SIGN_STYLE = Automatic;
				INFOPLIST_FILE = Concurrencia/Info.plist;
				LD_RUNPATH_SEARCH_PATHS = (
					"$(inherited)",
					"@executable_path/Frameworks",
				);
				MARKETING_VERSION = 1.0.0;
				PRODUCT_BUNDLE_IDENTIFIER = com.artcc.Concurrencia;
				PRODUCT_NAME = "$(TARGET_NAME)";
				SWIFT_VERSION = 5.0;
				TARGETED_DEVICE_FAMILY = "1,2";
			};
			name = Release;
		};
/* End XCBuildConfiguration section */

/* Begin XCConfigurationList section */
		94DEFC5624A7A704001FEE71 /* Build configuration list for PBXProject "Concurrencia" */ = {
			isa = XCConfigurationList;
			buildConfigurations = (
				94DEFC6D24A7A706001FEE71 /* Debug */,
				94DEFC6E24A7A706001FEE71 /* Release */,
			);
			defaultConfigurationIsVisible = 0;
			defaultConfigurationName = Release;
		};
		94DEFC6F24A7A706001FEE71 /* Build configuration list for PBXNativeTarget "Concurrencia" */ = {
			isa = XCConfigurationList;
			buildConfigurations = (
				94DEFC7024A7A706001FEE71 /* Debug */,
				94DEFC7124A7A706001FEE71 /* Release */,
			);
			defaultConfigurationIsVisible = 0;
			defaultConfigurationName = Release;
		};
/* End XCConfigurationList section */
	};
	rootObject = 94DEFC5324A7A704001FEE71 /* Project object */;
}
